
Microsoft Visual Studio Solution File, Format Version 12.00
# Visual Studio Version 17
VisualStudioVersion = 17.9.34607.119
MinimumVisualStudioVersion = 10.0.40219.1
Project("{FAE04EC0-301F-11D3-BF4B-00C04F79EFBC}") = "Workaround", "Workaround\Workaround.csproj", "{2DF0D140-1F86-4EA6-B415-B6E255D57372}"
EndProject
Project("{FAE04EC0-301F-11D3-BF4B-00C04F79EFBC}") = "Entities", "Entities\Entities.csproj", "{FCE3D995-3109-4DE4-8DD5-909D7FFD9935}"
EndProject
Project("{FAE04EC0-301F-11D3-BF4B-00C04F79EFBC}") = "Bussiness", "Bussiness\Bussiness.csproj", "{5A0609EA-2059-402F-A895-1891DBBB36F3}"
EndProject
Global
	GlobalSection(SolutionConfigurationPlatforms) = preSolution
		Debug|Any CPU = Debug|Any CPU
		Release|Any CPU = Release|Any CPU
	EndGlobalSection
	GlobalSection(ProjectConfigurationPlatforms) = postSolution
		{2DF0D140-1F86-4EA6-B415-B6E255D57372}.Debug|Any CPU.ActiveCfg = Debug|Any CPU
		{2DF0D140-1F86-4EA6-B415-B6E255D57372}.Debug|Any CPU.Build.0 = Debug|Any CPU
		{2DF0D140-1F86-4EA6-B415-B6E255D57372}.Release|Any CPU.ActiveCfg = Release|Any CPU
		{2DF0D140-1F86-4EA6-B415-B6E255D57372}.Release|Any CPU.Build.0 = Release|Any CPU
		{FCE3D995-3109-4DE4-8DD5-909D7FFD9935}.Debug|Any CPU.ActiveCfg = Debug|Any CPU
		{FCE3D995-3109-4DE4-8DD5-909D7FFD9935}.Debug|Any CPU.Build.0 = Debug|Any CPU
		{FCE3D995-3109-4DE4-8DD5-909D7FFD9935}.Release|Any CPU.ActiveCfg = Release|Any CPU
		{FCE3D995-3109-4DE4-8DD5-909D7FFD9935}.Release|Any CPU.Build.0 = Release|Any CPU
		{5A0609EA-2059-402F-A895-1891DBBB36F3}.Debug|Any CPU.ActiveCfg = Debug|Any CPU
		{5A0609EA-2059-402F-A895-1891DBBB36F3}.Debug|Any CPU.Build.0 = Debug|Any CPU
		{5A0609EA-2059-402F-A895-1891DBBB36F3}.Release|Any CPU.ActiveCfg = Release|Any CPU
		{5A0609EA-2059-402F-A895-1891DBBB36F3}.Release|Any CPU.Build.0 = Release|Any CPU
	EndGlobalSection
	GlobalSection(SolutionProperties) = preSolution
		HideSolutionNode = FALSE
	EndGlobalSection
	GlobalSection(ExtensibilityGlobals) = postSolution
		SolutionGuid = {35C00A5A-C5BE-4DAD-962D-DD3109143764}
	EndGlobalSection
EndGlobal
